
Microsoft Visual Studio Solution File, Format Version 12.00
# Visual Studio Version 17
VisualStudioVersion = 17.11.35327.3
MinimumVisualStudioVersion = 10.0.40219.1
Project("{FAE04EC0-301F-11D3-BF4B-00C04F79EFBC}") = "0-C샵시작하기-악어", "0-C샵시작하기-악어.csproj", "{06817DD5-F92E-4436-B947-68C1DED73D68}"
EndProject
Project("{FAE04EC0-301F-11D3-BF4B-00C04F79EFBC}") = "ConsoleApp1", "..\ConsoleApp1\ConsoleApp1.csproj", "{2EC424BC-089F-4C9E-859F-61934DA2486E}"
EndProject
Project("{FAE04EC0-301F-11D3-BF4B-00C04F79EFBC}") = "WindowsFormsApp1", "..\WindowsFormsApp1\WindowsFormsApp1.csproj", "{D57FCA70-4CF0-4DE8-93C3-87D859399C98}"
EndProject
Global
	GlobalSection(SolutionConfigurationPlatforms) = preSolution
		Debug|Any CPU = Debug|Any CPU
		Release|Any CPU = Release|Any CPU
	EndGlobalSection
	GlobalSection(ProjectConfigurationPlatforms) = postSolution
		{06817DD5-F92E-4436-B947-68C1DED73D68}.Debug|Any CPU.ActiveCfg = Debug|Any CPU
		{06817DD5-F92E-4436-B947-68C1DED73D68}.Debug|Any CPU.Build.0 = Debug|Any CPU
		{06817DD5-F92E-4436-B947-68C1DED73D68}.Release|Any CPU.ActiveCfg = Release|Any CPU
		{06817DD5-F92E-4436-B947-68C1DED73D68}.Release|Any CPU.Build.0 = Release|Any CPU
		{2EC424BC-089F-4C9E-859F-61934DA2486E}.Debug|Any CPU.ActiveCfg = Debug|Any CPU
		{2EC424BC-089F-4C9E-859F-61934DA2486E}.Debug|Any CPU.Build.0 = Debug|Any CPU
		{2EC424BC-089F-4C9E-859F-61934DA2486E}.Release|Any CPU.ActiveCfg = Release|Any CPU
		{2EC424BC-089F-4C9E-859F-61934DA2486E}.Release|Any CPU.Build.0 = Release|Any CPU
		{D57FCA70-4CF0-4DE8-93C3-87D859399C98}.Debug|Any CPU.ActiveCfg = Debug|Any CPU
		{D57FCA70-4CF0-4DE8-93C3-87D859399C98}.Debug|Any CPU.Build.0 = Debug|Any CPU
		{D57FCA70-4CF0-4DE8-93C3-87D859399C98}.Release|Any CPU.ActiveCfg = Release|Any CPU
		{D57FCA70-4CF0-4DE8-93C3-87D859399C98}.Release|Any CPU.Build.0 = Release|Any CPU
	EndGlobalSection
	GlobalSection(SolutionProperties) = preSolution
		HideSolutionNode = FALSE
	EndGlobalSection
	GlobalSection(ExtensibilityGlobals) = postSolution
		SolutionGuid = {7F095081-DE5C-4B96-BFA9-A3D70AB923A2}
	EndGlobalSection
EndGlobal
